
Microsoft Visual Studio Solution File, Format Version 12.00
# Visual Studio Version 17
VisualStudioVersion = 17.0.32014.148
MinimumVisualStudioVersion = 10.0.40219.1
Project("{2150E333-8FDC-42A3-9474-1A3956D46DE8}") = "src", "src", "{AEF003FB-1011-4132-8BA9-9D59C186DFFC}"
EndProject
Project("{2150E333-8FDC-42A3-9474-1A3956D46DE8}") = "docker", "docker", "{41705899-6791-4652-9B52-993B3E336045}"
	ProjectSection(SolutionItems) = preProject
		docker\docker_infrastructure.yml = docker\docker_infrastructure.yml
	EndProjectSection
EndProject
Project("{9A19103F-16F7-4668-BE54-9A1E7A4F7556}") = "IQT.Authorization.API", "src\IQT.Authorization.API\IQT.Authorization.API.csproj", "{7918FD93-2883-461A-92CD-EA8AA3A05619}"
EndProject
Global
	GlobalSection(SolutionConfigurationPlatforms) = preSolution
		Debug|Any CPU = Debug|Any CPU
		Release|Any CPU = Release|Any CPU
	EndGlobalSection
	GlobalSection(ProjectConfigurationPlatforms) = postSolution
		{7918FD93-2883-461A-92CD-EA8AA3A05619}.Debug|Any CPU.ActiveCfg = Debug|Any CPU
		{7918FD93-2883-461A-92CD-EA8AA3A05619}.Debug|Any CPU.Build.0 = Debug|Any CPU
		{7918FD93-2883-461A-92CD-EA8AA3A05619}.Release|Any CPU.ActiveCfg = Release|Any CPU
		{7918FD93-2883-461A-92CD-EA8AA3A05619}.Release|Any CPU.Build.0 = Release|Any CPU
	EndGlobalSection
	GlobalSection(SolutionProperties) = preSolution
		HideSolutionNode = FALSE
	EndGlobalSection
	GlobalSection(NestedProjects) = preSolution
		{7918FD93-2883-461A-92CD-EA8AA3A05619} = {AEF003FB-1011-4132-8BA9-9D59C186DFFC}
	EndGlobalSection
	GlobalSection(ExtensibilityGlobals) = postSolution
		SolutionGuid = {2615082D-87F1-4768-838D-6C1713187E2B}
	EndGlobalSection
EndGlobal
